
Microsoft Visual Studio Solution File, Format Version 12.00
# Visual Studio Version 16
VisualStudioVersion = 16.0.29215.179
MinimumVisualStudioVersion = 10.0.40219.1
Project("{FAE04EC0-301F-11D3-BF4B-00C04F79EFBC}") = "WebApiAuthenticationJWT", "WebApiAuthenticationJWT\WebApiAuthenticationJWT.csproj", "{50655383-34EF-44A3-9AA3-84C72F6CDF0D}"
EndProject
Global
	GlobalSection(SolutionConfigurationPlatforms) = preSolution
		Debug|Any CPU = Debug|Any CPU
		Release|Any CPU = Release|Any CPU
	EndGlobalSection
	GlobalSection(ProjectConfigurationPlatforms) = postSolution
		{50655383-34EF-44A3-9AA3-84C72F6CDF0D}.Debug|Any CPU.ActiveCfg = Debug|Any CPU
		{50655383-34EF-44A3-9AA3-84C72F6CDF0D}.Debug|Any CPU.Build.0 = Debug|Any CPU
		{50655383-34EF-44A3-9AA3-84C72F6CDF0D}.Release|Any CPU.ActiveCfg = Release|Any CPU
		{50655383-34EF-44A3-9AA3-84C72F6CDF0D}.Release|Any CPU.Build.0 = Release|Any CPU
	EndGlobalSection
	GlobalSection(SolutionProperties) = preSolution
		HideSolutionNode = FALSE
	EndGlobalSection
	GlobalSection(ExtensibilityGlobals) = postSolution
		SolutionGuid = {AD7DF7B9-7F2B-49B0-85FA-78DF5E45D9B8}
	EndGlobalSection
EndGlobal
